github.com/eatmoreapple/redis v1.0.0 h1:nN+rg+EUP8Bo7xwydPwKBSbfwL1IfsUYdk3BgDp42B0=
github.com/eatmoreapple/redis v1.0.0/go.mod h1:J1VdIT6tjx4+966ie99QNsuGfDqcWTd3cvndu7BYHzE=
github.com/google/uuid v1.3.0 h1:t6JiXgmwXMjEs8VusXIJk2BXHsn+wx8BZdTaoZ5fu7I=
github.com/google/uuid v1.3.0/go.mod h1:TIyPZe4MgqvfeYDBFedMoGGpEw/LqOeaOT+nhxU+yHo=
